
Microsoft Visual Studio Solution File, Format Version 12.00
Project("{FAE04EC0-301F-11D3-BF4B-00C04F79EFBC}") = "RectangleApi", "RectangleApi\RectangleApi.csproj", "{95AE2CFD-5B3D-447B-A5EC-F405A723B7A4}"
EndProject
Global
	GlobalSection(SolutionConfigurationPlatforms) = preSolution
		Debug|Any CPU = Debug|Any CPU
		Release|Any CPU = Release|Any CPU
	EndGlobalSection
	GlobalSection(ProjectConfigurationPlatforms) = postSolution
		{95AE2CFD-5B3D-447B-A5EC-F405A723B7A4}.Debug|Any CPU.ActiveCfg = Debug|Any CPU
		{95AE2CFD-5B3D-447B-A5EC-F405A723B7A4}.Debug|Any CPU.Build.0 = Debug|Any CPU
		{95AE2CFD-5B3D-447B-A5EC-F405A723B7A4}.Release|Any CPU.ActiveCfg = Release|Any CPU
		{95AE2CFD-5B3D-447B-A5EC-F405A723B7A4}.Release|Any CPU.Build.0 = Release|Any CPU
	EndGlobalSection
EndGlobal
